
Microsoft Visual Studio Solution File, Format Version 12.00
# Visual Studio Version 16
VisualStudioVersion = 16.0.29728.190
MinimumVisualStudioVersion = 10.0.40219.1
Project("{FAE04EC0-301F-11D3-BF4B-00C04F79EFBC}") = "GoldBadgeChallenge", "GoldBadgeChallenge\GoldBadgeChallenge.csproj", "{3B80061A-0305-4232-9C69-14EC6B6F158B}"
EndProject
Project("{FAE04EC0-301F-11D3-BF4B-00C04F79EFBC}") = "Test", "Test\Test.csproj", "{6FF6E8E0-F27E-4C31-873C-D0EA65350472}"
EndProject
Project("{FAE04EC0-301F-11D3-BF4B-00C04F79EFBC}") = "Programz", "Programz\Programz.csproj", "{B93294E9-A5D3-480A-BABE-3AE25BC49D36}"
EndProject
Project("{2150E333-8FDC-42A3-9474-1A3956D46DE8}") = "K Cafe", "K Cafe", "{2D9BE971-C944-48ED-887F-A057B34D7C9C}"
EndProject
Project("{2150E333-8FDC-42A3-9474-1A3956D46DE8}") = "Komodo Claims Dept", "Komodo Claims Dept", "{25CDEF20-9419-42B2-8887-FBFAE2845ADC}"
EndProject
Project("{FAE04EC0-301F-11D3-BF4B-00C04F79EFBC}") = "Insurance", "Insurance\Insurance.csproj", "{1156E182-7A16-4868-99F7-66A4B5996468}"
EndProject
Project("{FAE04EC0-301F-11D3-BF4B-00C04F79EFBC}") = "UnitTestProject1", "UnitTestProject1\UnitTestProject1.csproj", "{AAA832CD-0896-4A98-8C33-8DE46E7C650B}"
EndProject
Project("{FAE04EC0-301F-11D3-BF4B-00C04F79EFBC}") = "Insurance Library", "Insurance Library\Insurance Library.csproj", "{86FF7D99-F54B-4E36-9702-8A65AACCEB56}"
EndProject
Project("{FAE04EC0-301F-11D3-BF4B-00C04F79EFBC}") = "BadgeLibrary", "BadgeLibrary\BadgeLibrary.csproj", "{0E553516-7EFD-40B6-859C-0F0EADB13FEA}"
EndProject
Project("{FAE04EC0-301F-11D3-BF4B-00C04F79EFBC}") = "BadgeTest", "BadgeTest\BadgeTest.csproj", "{2EC16B16-063A-4F4A-9BD8-C824352C3659}"
EndProject
Project("{FAE04EC0-301F-11D3-BF4B-00C04F79EFBC}") = "BadgeConsole", "BadgeConsole\BadgeConsole.csproj", "{1355A9F3-FD52-4778-8F26-0DEA496F922F}"
EndProject
Project("{2150E333-8FDC-42A3-9474-1A3956D46DE8}") = "Badge", "Badge", "{5B78BA80-8752-4A6D-A782-17260D7A0CB0}"
EndProject
Global
	GlobalSection(SolutionConfigurationPlatforms) = preSolution
		Debug|Any CPU = Debug|Any CPU
		Release|Any CPU = Release|Any CPU
	EndGlobalSection
	GlobalSection(ProjectConfigurationPlatforms) = postSolution
		{3B80061A-0305-4232-9C69-14EC6B6F158B}.Debug|Any CPU.ActiveCfg = Debug|Any CPU
		{3B80061A-0305-4232-9C69-14EC6B6F158B}.Debug|Any CPU.Build.0 = Debug|Any CPU
		{3B80061A-0305-4232-9C69-14EC6B6F158B}.Release|Any CPU.ActiveCfg = Release|Any CPU
		{3B80061A-0305-4232-9C69-14EC6B6F158B}.Release|Any CPU.Build.0 = Release|Any CPU
		{6FF6E8E0-F27E-4C31-873C-D0EA65350472}.Debug|Any CPU.ActiveCfg = Debug|Any CPU
		{6FF6E8E0-F27E-4C31-873C-D0EA65350472}.Debug|Any CPU.Build.0 = Debug|Any CPU
		{6FF6E8E0-F27E-4C31-873C-D0EA65350472}.Release|Any CPU.ActiveCfg = Release|Any CPU
		{6FF6E8E0-F27E-4C31-873C-D0EA65350472}.Release|Any CPU.Build.0 = Release|Any CPU
		{B93294E9-A5D3-480A-BABE-3AE25BC49D36}.Debug|Any CPU.ActiveCfg = Debug|Any CPU
		{B93294E9-A5D3-480A-BABE-3AE25BC49D36}.Debug|Any CPU.Build.0 = Debug|Any CPU
		{B93294E9-A5D3-480A-BABE-3AE25BC49D36}.Release|Any CPU.ActiveCfg = Release|Any CPU
		{B93294E9-A5D3-480A-BABE-3AE25BC49D36}.Release|Any CPU.Build.0 = Release|Any CPU
		{1156E182-7A16-4868-99F7-66A4B5996468}.Debug|Any CPU.ActiveCfg = Debug|Any CPU
		{1156E182-7A16-4868-99F7-66A4B5996468}.Debug|Any CPU.Build.0 = Debug|Any CPU
		{1156E182-7A16-4868-99F7-66A4B5996468}.Release|Any CPU.ActiveCfg = Release|Any CPU
		{1156E182-7A16-4868-99F7-66A4B5996468}.Release|Any CPU.Build.0 = Release|Any CPU
		{AAA832CD-0896-4A98-8C33-8DE46E7C650B}.Debug|Any CPU.ActiveCfg = Debug|Any CPU
		{AAA832CD-0896-4A98-8C33-8DE46E7C650B}.Debug|Any CPU.Build.0 = Debug|Any CPU
		{AAA832CD-0896-4A98-8C33-8DE46E7C650B}.Release|Any CPU.ActiveCfg = Release|Any CPU
		{AAA832CD-0896-4A98-8C33-8DE46E7C650B}.Release|Any CPU.Build.0 = Release|Any CPU
		{86FF7D99-F54B-4E36-9702-8A65AACCEB56}.Debug|Any CPU.ActiveCfg = Debug|Any CPU
		{86FF7D99-F54B-4E36-9702-8A65AACCEB56}.Debug|Any CPU.Build.0 = Debug|Any CPU
		{86FF7D99-F54B-4E36-9702-8A65AACCEB56}.Release|Any CPU.ActiveCfg = Release|Any CPU
		{86FF7D99-F54B-4E36-9702-8A65AACCEB56}.Release|Any CPU.Build.0 = Release|Any CPU
		{0E553516-7EFD-40B6-859C-0F0EADB13FEA}.Debug|Any CPU.ActiveCfg = Debug|Any CPU
		{0E553516-7EFD-40B6-859C-0F0EADB13FEA}.Debug|Any CPU.Build.0 = Debug|Any CPU
		{0E553516-7EFD-40B6-859C-0F0EADB13FEA}.Release|Any CPU.ActiveCfg = Release|Any CPU
		{0E553516-7EFD-40B6-859C-0F0EADB13FEA}.Release|Any CPU.Build.0 = Release|Any CPU
		{2EC16B16-063A-4F4A-9BD8-C824352C3659}.Debug|Any CPU.ActiveCfg = Debug|Any CPU
		{2EC16B16-063A-4F4A-9BD8-C824352C3659}.Debug|Any CPU.Build.0 = Debug|Any CPU
		{2EC16B16-063A-4F4A-9BD8-C824352C3659}.Release|Any CPU.ActiveCfg = Release|Any CPU
		{2EC16B16-063A-4F4A-9BD8-C824352C3659}.Release|Any CPU.Build.0 = Release|Any CPU
		{1355A9F3-FD52-4778-8F26-0DEA496F922F}.Debug|Any CPU.ActiveCfg = Debug|Any CPU
		{1355A9F3-FD52-4778-8F26-0DEA496F922F}.Debug|Any CPU.Build.0 = Debug|Any CPU
		{1355A9F3-FD52-4778-8F26-0DEA496F922F}.Release|Any CPU.ActiveCfg = Release|Any CPU
		{1355A9F3-FD52-4778-8F26-0DEA496F922F}.Release|Any CPU.Build.0 = Release|Any CPU
	EndGlobalSection
	GlobalSection(SolutionProperties) = preSolution
		HideSolutionNode = FALSE
	EndGlobalSection
	GlobalSection(NestedProjects) = preSolution
		{3B80061A-0305-4232-9C69-14EC6B6F158B} = {2D9BE971-C944-48ED-887F-A057B34D7C9C}
		{6FF6E8E0-F27E-4C31-873C-D0EA65350472} = {2D9BE971-C944-48ED-887F-A057B34D7C9C}
		{B93294E9-A5D3-480A-BABE-3AE25BC49D36} = {2D9BE971-C944-48ED-887F-A057B34D7C9C}
		{1156E182-7A16-4868-99F7-66A4B5996468} = {25CDEF20-9419-42B2-8887-FBFAE2845ADC}
		{AAA832CD-0896-4A98-8C33-8DE46E7C650B} = {25CDEF20-9419-42B2-8887-FBFAE2845ADC}
		{86FF7D99-F54B-4E36-9702-8A65AACCEB56} = {25CDEF20-9419-42B2-8887-FBFAE2845ADC}
		{0E553516-7EFD-40B6-859C-0F0EADB13FEA} = {5B78BA80-8752-4A6D-A782-17260D7A0CB0}
		{2EC16B16-063A-4F4A-9BD8-C824352C3659} = {5B78BA80-8752-4A6D-A782-17260D7A0CB0}
		{1355A9F3-FD52-4778-8F26-0DEA496F922F} = {5B78BA80-8752-4A6D-A782-17260D7A0CB0}
	EndGlobalSection
	GlobalSection(ExtensibilityGlobals) = postSolution
		SolutionGuid = {2BD264D6-22F5-4127-8B88-666B4DA811E5}
	EndGlobalSection
EndGlobal
